
Microsoft Visual Studio Solution File, Format Version 12.00
# Visual Studio Version 17
VisualStudioVersion = 17.3.32901.215
MinimumVisualStudioVersion = 10.0.40219.1
Project("{FAE04EC0-301F-11D3-BF4B-00C04F79EFBC}") = "Operators_Exercises", "Operators_Exercises\Operators_Exercises.csproj", "{DBFBC46C-BCA8-4FD3-8C17-9FBC243DFF0B}"
EndProject
Global
	GlobalSection(SolutionConfigurationPlatforms) = preSolution
		Debug|Any CPU = Debug|Any CPU
		Release|Any CPU = Release|Any CPU
	EndGlobalSection
	GlobalSection(ProjectConfigurationPlatforms) = postSolution
		{DBFBC46C-BCA8-4FD3-8C17-9FBC243DFF0B}.Debug|Any CPU.ActiveCfg = Debug|Any CPU
		{DBFBC46C-BCA8-4FD3-8C17-9FBC243DFF0B}.Debug|Any CPU.Build.0 = Debug|Any CPU
		{DBFBC46C-BCA8-4FD3-8C17-9FBC243DFF0B}.Release|Any CPU.ActiveCfg = Release|Any CPU
		{DBFBC46C-BCA8-4FD3-8C17-9FBC243DFF0B}.Release|Any CPU.Build.0 = Release|Any CPU
	EndGlobalSection
	GlobalSection(SolutionProperties) = preSolution
		HideSolutionNode = FALSE
	EndGlobalSection
	GlobalSection(ExtensibilityGlobals) = postSolution
		SolutionGuid = {BFF92E06-FC0E-4BC1-9BC4-C699BFD4C609}
	EndGlobalSection
EndGlobal
